
Microsoft Visual Studio Solution File, Format Version 11.00
# Visual Studio 2010
# SharpDevelop 4.2.1.8805
Project("{FD48973F-F585-4F70-812B-4D0503B36CE9}") = "HelloWorld", "HelloWorld.pyproj", "{501BE81F-D14E-444F-869C-F221E3320D26}"
EndProject
Global
	GlobalSection(SolutionConfigurationPlatforms) = preSolution
		Debug|x86 = Debug|x86
		Release|x86 = Release|x86
	EndGlobalSection
	GlobalSection(ProjectConfigurationPlatforms) = postSolution
		{501BE81F-D14E-444F-869C-F221E3320D26}.Debug|x86.Build.0 = Debug|x86
		{501BE81F-D14E-444F-869C-F221E3320D26}.Debug|x86.ActiveCfg = Debug|x86
		{501BE81F-D14E-444F-869C-F221E3320D26}.Release|x86.Build.0 = Release|x86
		{501BE81F-D14E-444F-869C-F221E3320D26}.Release|x86.ActiveCfg = Release|x86
	EndGlobalSection
EndGlobal
