
Microsoft Visual Studio Solution File, Format Version 12.00
# Visual Studio Version 17
VisualStudioVersion = 17.0.32014.148
MinimumVisualStudioVersion = 10.0.40219.1
Project("{FAE04EC0-301F-11D3-BF4B-00C04F79EFBC}") = "HelloName", "HelloName\HelloName.csproj", "{0450935A-20E0-4900-9B96-7360E02350F9}"
EndProject
Project("{FAE04EC0-301F-11D3-BF4B-00C04F79EFBC}") = "FavoriteClub", "FavoriteClub\FavoriteClub.csproj", "{AB0CC0B5-F03F-41E7-9BD4-821CA54807CC}"
EndProject
Project("{9A19103F-16F7-4668-BE54-9A1E7A4F7556}") = "lp4-1", "lp4-1\lp4-1.csproj", "{5CB52CDD-E67B-4658-9296-FD6E347357D7}"
EndProject
Project("{9A19103F-16F7-4668-BE54-9A1E7A4F7556}") = "Lang54bForm", "Lang54bForm\Lang54bForm.csproj", "{89C9AAA2-C464-4CF4-A65B-34FEDEDC0867}"
EndProject
Project("{FAE04EC0-301F-11D3-BF4B-00C04F79EFBC}") = "LP4-2", "LP4-2\LP4-2.csproj", "{006A137E-3F50-45CD-921F-83905585F0FB}"
EndProject
Project("{FAE04EC0-301F-11D3-BF4B-00C04F79EFBC}") = "About ME", "About ME\About ME.csproj", "{07937EBB-5B33-471E-9AC2-D1416CD166BA}"
EndProject
Project("{FAE04EC0-301F-11D3-BF4B-00C04F79EFBC}") = "LP4-5", "LP4-5\LP4-5.csproj", "{8062E3D6-D6AF-4745-ADAA-59A33E0DEABC}"
EndProject
Global
	GlobalSection(SolutionConfigurationPlatforms) = preSolution
		Debug|Any CPU = Debug|Any CPU
		Release|Any CPU = Release|Any CPU
	EndGlobalSection
	GlobalSection(ProjectConfigurationPlatforms) = postSolution
		{0450935A-20E0-4900-9B96-7360E02350F9}.Debug|Any CPU.ActiveCfg = Debug|Any CPU
		{0450935A-20E0-4900-9B96-7360E02350F9}.Debug|Any CPU.Build.0 = Debug|Any CPU
		{0450935A-20E0-4900-9B96-7360E02350F9}.Release|Any CPU.ActiveCfg = Release|Any CPU
		{0450935A-20E0-4900-9B96-7360E02350F9}.Release|Any CPU.Build.0 = Release|Any CPU
		{AB0CC0B5-F03F-41E7-9BD4-821CA54807CC}.Debug|Any CPU.ActiveCfg = Debug|Any CPU
		{AB0CC0B5-F03F-41E7-9BD4-821CA54807CC}.Debug|Any CPU.Build.0 = Debug|Any CPU
		{AB0CC0B5-F03F-41E7-9BD4-821CA54807CC}.Release|Any CPU.ActiveCfg = Release|Any CPU
		{AB0CC0B5-F03F-41E7-9BD4-821CA54807CC}.Release|Any CPU.Build.0 = Release|Any CPU
		{5CB52CDD-E67B-4658-9296-FD6E347357D7}.Debug|Any CPU.ActiveCfg = Debug|Any CPU
		{5CB52CDD-E67B-4658-9296-FD6E347357D7}.Debug|Any CPU.Build.0 = Debug|Any CPU
		{5CB52CDD-E67B-4658-9296-FD6E347357D7}.Release|Any CPU.ActiveCfg = Release|Any CPU
		{5CB52CDD-E67B-4658-9296-FD6E347357D7}.Release|Any CPU.Build.0 = Release|Any CPU
		{89C9AAA2-C464-4CF4-A65B-34FEDEDC0867}.Debug|Any CPU.ActiveCfg = Debug|Any CPU
		{89C9AAA2-C464-4CF4-A65B-34FEDEDC0867}.Debug|Any CPU.Build.0 = Debug|Any CPU
		{89C9AAA2-C464-4CF4-A65B-34FEDEDC0867}.Release|Any CPU.ActiveCfg = Release|Any CPU
		{89C9AAA2-C464-4CF4-A65B-34FEDEDC0867}.Release|Any CPU.Build.0 = Release|Any CPU
		{006A137E-3F50-45CD-921F-83905585F0FB}.Debug|Any CPU.ActiveCfg = Debug|Any CPU
		{006A137E-3F50-45CD-921F-83905585F0FB}.Debug|Any CPU.Build.0 = Debug|Any CPU
		{006A137E-3F50-45CD-921F-83905585F0FB}.Release|Any CPU.ActiveCfg = Release|Any CPU
		{006A137E-3F50-45CD-921F-83905585F0FB}.Release|Any CPU.Build.0 = Release|Any CPU
		{07937EBB-5B33-471E-9AC2-D1416CD166BA}.Debug|Any CPU.ActiveCfg = Debug|Any CPU
		{07937EBB-5B33-471E-9AC2-D1416CD166BA}.Debug|Any CPU.Build.0 = Debug|Any CPU
		{07937EBB-5B33-471E-9AC2-D1416CD166BA}.Release|Any CPU.ActiveCfg = Release|Any CPU
		{07937EBB-5B33-471E-9AC2-D1416CD166BA}.Release|Any CPU.Build.0 = Release|Any CPU
		{8062E3D6-D6AF-4745-ADAA-59A33E0DEABC}.Debug|Any CPU.ActiveCfg = Debug|Any CPU
		{8062E3D6-D6AF-4745-ADAA-59A33E0DEABC}.Debug|Any CPU.Build.0 = Debug|Any CPU
		{8062E3D6-D6AF-4745-ADAA-59A33E0DEABC}.Release|Any CPU.ActiveCfg = Release|Any CPU
		{8062E3D6-D6AF-4745-ADAA-59A33E0DEABC}.Release|Any CPU.Build.0 = Release|Any CPU
	EndGlobalSection
	GlobalSection(SolutionProperties) = preSolution
		HideSolutionNode = FALSE
	EndGlobalSection
	GlobalSection(ExtensibilityGlobals) = postSolution
		SolutionGuid = {B2623374-AABD-489A-94B1-120E3A381B7A}
	EndGlobalSection
EndGlobal
