
Microsoft Visual Studio Solution File, Format Version 12.00
# Visual Studio Version 17
VisualStudioVersion = 17.0.32014.148
MinimumVisualStudioVersion = 10.0.40219.1
Project("{FAE04EC0-301F-11D3-BF4B-00C04F79EFBC}") = "HelloName", "HelloName\HelloName.csproj", "{0450935A-20E0-4900-9B96-7360E02350F9}"
EndProject
Project("{FAE04EC0-301F-11D3-BF4B-00C04F79EFBC}") = "FavoriteClub", "FavoriteClub\FavoriteClub.csproj", "{AB0CC0B5-F03F-41E7-9BD4-821CA54807CC}"
EndProject
Project("{9A19103F-16F7-4668-BE54-9A1E7A4F7556}") = "lp4-1", "lp4-1\lp4-1.csproj", "{5CB52CDD-E67B-4658-9296-FD6E347357D7}"
EndProject
Project("{9A19103F-16F7-4668-BE54-9A1E7A4F7556}") = "Lang54bForm", "Lang54bForm\Lang54bForm.csproj", "{89C9AAA2-C464-4CF4-A65B-34FEDEDC0867}"
EndProject
Project("{9A19103F-16F7-4668-BE54-9A1E7A4F7556}") = "LP4-2", "LP4-2\LP4-2.csproj", "{006A137E-3F50-45CD-921F-83905585F0FB}"
EndProject
Project("{9A19103F-16F7-4668-BE54-9A1E7A4F7556}") = "About ME", "About ME\About ME.csproj", "{07937EBB-5B33-471E-9AC2-D1416CD166BA}"
EndProject
Project("{9A19103F-16F7-4668-BE54-9A1E7A4F7556}") = "LP4-5", "LP4-5\LP4-5.csproj", "{8062E3D6-D6AF-4745-ADAA-59A33E0DEABC}"
EndProject
Project("{9A19103F-16F7-4668-BE54-9A1E7A4F7556}") = "prog85c", "prog85c\prog85c.csproj", "{187A4C41-F7B7-4F86-B917-E3146F29A4E2}"
EndProject
Project("{FAE04EC0-301F-11D3-BF4B-00C04F79EFBC}") = "pg266LargeSmall", "pg266LargeSmall\pg266LargeSmall.csproj", "{19920A51-BF5C-46B3-A24B-BAB90A8BD32F}"
EndProject
Project("{9A19103F-16F7-4668-BE54-9A1E7A4F7556}") = "BookClubPoints", "BookClubPoints\BookClubPoints.csproj", "{E6F050EA-438C-4A45-94BD-CF3B48D9CBDD}"
EndProject
Project("{9A19103F-16F7-4668-BE54-9A1E7A4F7556}") = "Mass and weight", "Mass and weight\Mass and weight.csproj", "{C4DDEE8F-0BD4-41D8-9123-E3D60E9D91E2}"
EndProject
Project("{9A19103F-16F7-4668-BE54-9A1E7A4F7556}") = "prog122a", "prog122a\prog122a.csproj", "{7E6F3454-281D-458A-A94A-C705569861F9}"
EndProject
Project("{9A19103F-16F7-4668-BE54-9A1E7A4F7556}") = "Mass and Weight Windows", "Mass and Weight Windows\Mass and Weight Windows.csproj", "{40FFA56A-DBD3-4C98-83E1-AF0BFE7E93DD}"
EndProject
Project("{9A19103F-16F7-4668-BE54-9A1E7A4F7556}") = "prog310a", "prog310a\prog310a.csproj", "{FA30ED3A-5503-4B61-BFBD-1339C06683A7}"
EndProject
Project("{9A19103F-16F7-4668-BE54-9A1E7A4F7556}") = "Pg347Sum", "Pg347Sum\Pg347Sum.csproj", "{1DD837D7-1107-45DA-88B1-C81D2A4E065A}"
EndProject
Project("{9A19103F-16F7-4668-BE54-9A1E7A4F7556}") = "lang122bWhile", "lang122bWhile\lang122bWhile.csproj", "{5131ABB8-93B7-428F-8901-12A723729238}"
EndProject
Project("{FAE04EC0-301F-11D3-BF4B-00C04F79EFBC}") = "122d", "122d\122d.csproj", "{21AD595E-48CE-4172-B151-F8E8732F04B1}"
EndProject
Global
	GlobalSection(SolutionConfigurationPlatforms) = preSolution
		Debug|Any CPU = Debug|Any CPU
		Release|Any CPU = Release|Any CPU
	EndGlobalSection
	GlobalSection(ProjectConfigurationPlatforms) = postSolution
		{0450935A-20E0-4900-9B96-7360E02350F9}.Debug|Any CPU.ActiveCfg = Debug|Any CPU
		{0450935A-20E0-4900-9B96-7360E02350F9}.Debug|Any CPU.Build.0 = Debug|Any CPU
		{0450935A-20E0-4900-9B96-7360E02350F9}.Release|Any CPU.ActiveCfg = Release|Any CPU
		{0450935A-20E0-4900-9B96-7360E02350F9}.Release|Any CPU.Build.0 = Release|Any CPU
		{AB0CC0B5-F03F-41E7-9BD4-821CA54807CC}.Debug|Any CPU.ActiveCfg = Debug|Any CPU
		{AB0CC0B5-F03F-41E7-9BD4-821CA54807CC}.Debug|Any CPU.Build.0 = Debug|Any CPU
		{AB0CC0B5-F03F-41E7-9BD4-821CA54807CC}.Release|Any CPU.ActiveCfg = Release|Any CPU
		{AB0CC0B5-F03F-41E7-9BD4-821CA54807CC}.Release|Any CPU.Build.0 = Release|Any CPU
		{5CB52CDD-E67B-4658-9296-FD6E347357D7}.Debug|Any CPU.ActiveCfg = Debug|Any CPU
		{5CB52CDD-E67B-4658-9296-FD6E347357D7}.Debug|Any CPU.Build.0 = Debug|Any CPU
		{5CB52CDD-E67B-4658-9296-FD6E347357D7}.Release|Any CPU.ActiveCfg = Release|Any CPU
		{5CB52CDD-E67B-4658-9296-FD6E347357D7}.Release|Any CPU.Build.0 = Release|Any CPU
		{89C9AAA2-C464-4CF4-A65B-34FEDEDC0867}.Debug|Any CPU.ActiveCfg = Debug|Any CPU
		{89C9AAA2-C464-4CF4-A65B-34FEDEDC0867}.Debug|Any CPU.Build.0 = Debug|Any CPU
		{89C9AAA2-C464-4CF4-A65B-34FEDEDC0867}.Release|Any CPU.ActiveCfg = Release|Any CPU
		{89C9AAA2-C464-4CF4-A65B-34FEDEDC0867}.Release|Any CPU.Build.0 = Release|Any CPU
		{006A137E-3F50-45CD-921F-83905585F0FB}.Debug|Any CPU.ActiveCfg = Debug|Any CPU
		{006A137E-3F50-45CD-921F-83905585F0FB}.Debug|Any CPU.Build.0 = Debug|Any CPU
		{006A137E-3F50-45CD-921F-83905585F0FB}.Release|Any CPU.ActiveCfg = Release|Any CPU
		{006A137E-3F50-45CD-921F-83905585F0FB}.Release|Any CPU.Build.0 = Release|Any CPU
		{07937EBB-5B33-471E-9AC2-D1416CD166BA}.Debug|Any CPU.ActiveCfg = Debug|Any CPU
		{07937EBB-5B33-471E-9AC2-D1416CD166BA}.Debug|Any CPU.Build.0 = Debug|Any CPU
		{07937EBB-5B33-471E-9AC2-D1416CD166BA}.Release|Any CPU.ActiveCfg = Release|Any CPU
		{07937EBB-5B33-471E-9AC2-D1416CD166BA}.Release|Any CPU.Build.0 = Release|Any CPU
		{8062E3D6-D6AF-4745-ADAA-59A33E0DEABC}.Debug|Any CPU.ActiveCfg = Debug|Any CPU
		{8062E3D6-D6AF-4745-ADAA-59A33E0DEABC}.Debug|Any CPU.Build.0 = Debug|Any CPU
		{8062E3D6-D6AF-4745-ADAA-59A33E0DEABC}.Release|Any CPU.ActiveCfg = Release|Any CPU
		{8062E3D6-D6AF-4745-ADAA-59A33E0DEABC}.Release|Any CPU.Build.0 = Release|Any CPU
		{187A4C41-F7B7-4F86-B917-E3146F29A4E2}.Debug|Any CPU.ActiveCfg = Debug|Any CPU
		{187A4C41-F7B7-4F86-B917-E3146F29A4E2}.Debug|Any CPU.Build.0 = Debug|Any CPU
		{187A4C41-F7B7-4F86-B917-E3146F29A4E2}.Release|Any CPU.ActiveCfg = Release|Any CPU
		{187A4C41-F7B7-4F86-B917-E3146F29A4E2}.Release|Any CPU.Build.0 = Release|Any CPU
		{19920A51-BF5C-46B3-A24B-BAB90A8BD32F}.Debug|Any CPU.ActiveCfg = Debug|Any CPU
		{19920A51-BF5C-46B3-A24B-BAB90A8BD32F}.Debug|Any CPU.Build.0 = Debug|Any CPU
		{19920A51-BF5C-46B3-A24B-BAB90A8BD32F}.Release|Any CPU.ActiveCfg = Release|Any CPU
		{19920A51-BF5C-46B3-A24B-BAB90A8BD32F}.Release|Any CPU.Build.0 = Release|Any CPU
		{E6F050EA-438C-4A45-94BD-CF3B48D9CBDD}.Debug|Any CPU.ActiveCfg = Debug|Any CPU
		{E6F050EA-438C-4A45-94BD-CF3B48D9CBDD}.Debug|Any CPU.Build.0 = Debug|Any CPU
		{E6F050EA-438C-4A45-94BD-CF3B48D9CBDD}.Release|Any CPU.ActiveCfg = Release|Any CPU
		{E6F050EA-438C-4A45-94BD-CF3B48D9CBDD}.Release|Any CPU.Build.0 = Release|Any CPU
		{C4DDEE8F-0BD4-41D8-9123-E3D60E9D91E2}.Debug|Any CPU.ActiveCfg = Debug|Any CPU
		{C4DDEE8F-0BD4-41D8-9123-E3D60E9D91E2}.Debug|Any CPU.Build.0 = Debug|Any CPU
		{C4DDEE8F-0BD4-41D8-9123-E3D60E9D91E2}.Release|Any CPU.ActiveCfg = Release|Any CPU
		{C4DDEE8F-0BD4-41D8-9123-E3D60E9D91E2}.Release|Any CPU.Build.0 = Release|Any CPU
		{7E6F3454-281D-458A-A94A-C705569861F9}.Debug|Any CPU.ActiveCfg = Debug|Any CPU
		{7E6F3454-281D-458A-A94A-C705569861F9}.Debug|Any CPU.Build.0 = Debug|Any CPU
		{7E6F3454-281D-458A-A94A-C705569861F9}.Release|Any CPU.ActiveCfg = Release|Any CPU
		{7E6F3454-281D-458A-A94A-C705569861F9}.Release|Any CPU.Build.0 = Release|Any CPU
		{40FFA56A-DBD3-4C98-83E1-AF0BFE7E93DD}.Debug|Any CPU.ActiveCfg = Debug|Any CPU
		{40FFA56A-DBD3-4C98-83E1-AF0BFE7E93DD}.Debug|Any CPU.Build.0 = Debug|Any CPU
		{40FFA56A-DBD3-4C98-83E1-AF0BFE7E93DD}.Release|Any CPU.ActiveCfg = Release|Any CPU
		{40FFA56A-DBD3-4C98-83E1-AF0BFE7E93DD}.Release|Any CPU.Build.0 = Release|Any CPU
		{FA30ED3A-5503-4B61-BFBD-1339C06683A7}.Debug|Any CPU.ActiveCfg = Debug|Any CPU
		{FA30ED3A-5503-4B61-BFBD-1339C06683A7}.Debug|Any CPU.Build.0 = Debug|Any CPU
		{FA30ED3A-5503-4B61-BFBD-1339C06683A7}.Release|Any CPU.ActiveCfg = Release|Any CPU
		{FA30ED3A-5503-4B61-BFBD-1339C06683A7}.Release|Any CPU.Build.0 = Release|Any CPU
		{1DD837D7-1107-45DA-88B1-C81D2A4E065A}.Debug|Any CPU.ActiveCfg = Debug|Any CPU
		{1DD837D7-1107-45DA-88B1-C81D2A4E065A}.Debug|Any CPU.Build.0 = Debug|Any CPU
		{1DD837D7-1107-45DA-88B1-C81D2A4E065A}.Release|Any CPU.ActiveCfg = Release|Any CPU
		{1DD837D7-1107-45DA-88B1-C81D2A4E065A}.Release|Any CPU.Build.0 = Release|Any CPU
		{5131ABB8-93B7-428F-8901-12A723729238}.Debug|Any CPU.ActiveCfg = Debug|Any CPU
		{5131ABB8-93B7-428F-8901-12A723729238}.Debug|Any CPU.Build.0 = Debug|Any CPU
		{5131ABB8-93B7-428F-8901-12A723729238}.Release|Any CPU.ActiveCfg = Release|Any CPU
		{5131ABB8-93B7-428F-8901-12A723729238}.Release|Any CPU.Build.0 = Release|Any CPU
		{21AD595E-48CE-4172-B151-F8E8732F04B1}.Debug|Any CPU.ActiveCfg = Debug|Any CPU
		{21AD595E-48CE-4172-B151-F8E8732F04B1}.Debug|Any CPU.Build.0 = Debug|Any CPU
		{21AD595E-48CE-4172-B151-F8E8732F04B1}.Release|Any CPU.ActiveCfg = Release|Any CPU
		{21AD595E-48CE-4172-B151-F8E8732F04B1}.Release|Any CPU.Build.0 = Release|Any CPU
	EndGlobalSection
	GlobalSection(SolutionProperties) = preSolution
		HideSolutionNode = FALSE
	EndGlobalSection
	GlobalSection(ExtensibilityGlobals) = postSolution
		SolutionGuid = {B2623374-AABD-489A-94B1-120E3A381B7A}
	EndGlobalSection
EndGlobal
